// !$*UTF8*$!
{
	archiveVersion = 1;
	classes = {
	};
	objectVersion = 51;
	objects = {

/* Begin PBXBuildFile section */
		81ACC9C626E0647300415D32 /* AppDelegate.swift in Sources */ = {isa = PBXBuildFile; fileRef = 81ACC9C526E0647300415D32 /* AppDelegate.swift */; };
		81ACC9C826E0647300415D32 /* SceneDelegate.swift in Sources */ = {isa = PBXBuildFile; fileRef = 81ACC9C726E0647300415D32 /* SceneDelegate.swift */; };
		81ACC9CA26E0647300415D32 /* ViewController.swift in Sources */ = {isa = PBXBuildFile; fileRef = 81ACC9C926E0647300415D32 /* ViewController.swift */; };
		81ACC9CD26E0647300415D32 /* Main.storyboard in Resources */ = {isa = PBXBuildFile; fileRef = 81ACC9CB26E0647300415D32 /* Main.storyboard */; };
		81ACC9CF26E0647600415D32 /* Assets.xcassets in Resources */ = {isa = PBXBuildFile; fileRef = 81ACC9CE26E0647600415D32 /* Assets.xcassets */; };
		81ACC9D226E0647600415D32 /* LaunchScreen.storyboard in Resources */ = {isa = PBXBuildFile; fileRef = 81ACC9D026E0647600415D32 /* LaunchScreen.storyboard */; };
		81ACC9DC26E0677800415D32 /* TableViewCell.swift in Sources */ = {isa = PBXBuildFile; fileRef = 81ACC9DA26E0677800415D32 /* TableViewCell.swift */; };
		81ACC9DD26E0677800415D32 /* TableViewCell.xib in Resources */ = {isa = PBXBuildFile; fileRef = 81ACC9DB26E0677800415D32 /* TableViewCell.xib */; };
		81ACC9DF26E06A5700415D32 /* DetailVC.swift in Sources */ = {isa = PBXBuildFile; fileRef = 81ACC9DE26E06A5700415D32 /* DetailVC.swift */; };
		81ACC9E126E06BF000415D32 /* Model.swift in Sources */ = {isa = PBXBuildFile; fileRef = 81ACC9E026E06BF000415D32 /* Model.swift */; };
		AC93FD6E85B7CBD41EF1D090 /* Pods_MigrationRealmSwift.framework in Frameworks */ = {isa = PBXBuildFile; fileRef = 39987A3EBC0C0DE2825A1746 /* Pods_MigrationRealmSwift.framework */; };
/* End PBXBuildFile section */

/* Begin PBXFileReference section */
		32A84475D728EF637F123714 /* Pods-MigrationRealmSwift.release.xcconfig */ = {isa = PBXFileReference; includeInIndex = 1; lastKnownFileType = text.xcconfig; name = "Pods-MigrationRealmSwift.release.xcconfig"; path = "Target Support Files/Pods-MigrationRealmSwift/Pods-MigrationRealmSwift.release.xcconfig"; sourceTree = "<group>"; };
		39987A3EBC0C0DE2825A1746 /* Pods_MigrationRealmSwift.framework */ = {isa = PBXFileReference; explicitFileType = wrapper.framework; includeInIndex = 0; path = Pods_MigrationRealmSwift.framework; sourceTree = BUILT_PRODUCTS_DIR; };
		81ACC9C226E0647300415D32 /* MigrationRealmSwift.app */ = {isa = PBXFileReference; explicitFileType = wrapper.application; includeInIndex = 0; path = MigrationRealmSwift.app; sourceTree = BUILT_PRODUCTS_DIR; };
		81ACC9C526E0647300415D32 /* AppDelegate.swift */ = {isa = PBXFileReference; lastKnownFileType = sourcecode.swift; path = AppDelegate.swift; sourceTree = "<group>"; };
		81ACC9C726E0647300415D32 /* SceneDelegate.swift */ = {isa = PBXFileReference; lastKnownFileType = sourcecode.swift; path = SceneDelegate.swift; sourceTree = "<group>"; };
		81ACC9C926E0647300415D32 /* ViewController.swift */ = {isa = PBXFileReference; lastKnownFileType = sourcecode.swift; path = ViewController.swift; sourceTree = "<group>"; };
		81ACC9CC26E0647300415D32 /* Base */ = {isa = PBXFileReference; lastKnownFileType = file.storyboard; name = Base; path = Base.lproj/Main.storyboard; sourceTree = "<group>"; };
		81ACC9CE26E0647600415D32 /* Assets.xcassets */ = {isa = PBXFileReference; lastKnownFileType = folder.assetcatalog; path = Assets.xcassets; sourceTree = "<group>"; };
		81ACC9D126E0647600415D32 /* Base */ = {isa = PBXFileReference; lastKnownFileType = file.storyboard; name = Base; path = Base.lproj/LaunchScreen.storyboard; sourceTree = "<group>"; };
		81ACC9D326E0647600415D32 /* Info.plist */ = {isa = PBXFileReference; lastKnownFileType = text.plist.xml; path = Info.plist; sourceTree = "<group>"; };
		81ACC9DA26E0677800415D32 /* TableViewCell.swift */ = {isa = PBXFileReference; lastKnownFileType = sourcecode.swift; path = TableViewCell.swift; sourceTree = "<group>"; };
		81ACC9DB26E0677800415D32 /* TableViewCell.xib */ = {isa = PBXFileReference; lastKnownFileType = file.xib; path = TableViewCell.xib; sourceTree = "<group>"; };
		81ACC9DE26E06A5700415D32 /* DetailVC.swift */ = {isa = PBXFileReference; lastKnownFileType = sourcecode.swift; path = DetailVC.swift; sourceTree = "<group>"; };
		81ACC9E026E06BF000415D32 /* Model.swift */ = {isa = PBXFileReference; lastKnownFileType = sourcecode.swift; path = Model.swift; sourceTree = "<group>"; };
		CE26940A303271699880D308 /* Pods-MigrationRealmSwift.debug.xcconfig */ = {isa = PBXFileReference; includeInIndex = 1; lastKnownFileType = text.xcconfig; name = "Pods-MigrationRealmSwift.debug.xcconfig"; path = "Target Support Files/Pods-MigrationRealmSwift/Pods-MigrationRealmSwift.debug.xcconfig"; sourceTree = "<group>"; };
/* End PBXFileReference section */

/* Begin PBXFrameworksBuildPhase section */
		81ACC9BF26E0647300415D32 /* Frameworks */ = {
			isa = PBXFrameworksBuildPhase;
			buildActionMask = 2147483647;
			files = (
				AC93FD6E85B7CBD41EF1D090 /* Pods_MigrationRealmSwift.framework in Frameworks */,
			);
			runOnlyForDeploymentPostprocessing = 0;
		};
/* End PBXFrameworksBuildPhase section */

/* Begin PBXGroup section */
		8134678F402DDCBB2C5CB73B /* Pods */ = {
			isa = PBXGroup;
			children = (
				CE26940A303271699880D308 /* Pods-MigrationRealmSwift.debug.xcconfig */,
				32A84475D728EF637F123714 /* Pods-MigrationRealmSwift.release.xcconfig */,
			);
			path = Pods;
			sourceTree = "<group>";
		};
		81ACC9B926E0647300415D32 = {
			isa = PBXGroup;
			children = (
				81ACC9C426E0647300415D32 /* MigrationRealmSwift */,
				81ACC9C326E0647300415D32 /* Products */,
				8134678F402DDCBB2C5CB73B /* Pods */,
				FD9B60A69C39FD37477A8AF0 /* Frameworks */,
			);
			sourceTree = "<group>";
		};
		81ACC9C326E0647300415D32 /* Products */ = {
			isa = PBXGroup;
			children = (
				81ACC9C226E0647300415D32 /* MigrationRealmSwift.app */,
			);
			name = Products;
			sourceTree = "<group>";
		};
		81ACC9C426E0647300415D32 /* MigrationRealmSwift */ = {
			isa = PBXGroup;
			children = (
				81ACC9D926E0676200415D32 /* Cell */,
				81ACC9C526E0647300415D32 /* AppDelegate.swift */,
				81ACC9C726E0647300415D32 /* SceneDelegate.swift */,
				81ACC9C926E0647300415D32 /* ViewController.swift */,
				81ACC9DE26E06A5700415D32 /* DetailVC.swift */,
				81ACC9E026E06BF000415D32 /* Model.swift */,
				81ACC9CB26E0647300415D32 /* Main.storyboard */,
				81ACC9CE26E0647600415D32 /* Assets.xcassets */,
				81ACC9D026E0647600415D32 /* LaunchScreen.storyboard */,
				81ACC9D326E0647600415D32 /* Info.plist */,
			);
			path = MigrationRealmSwift;
			sourceTree = "<group>";
		};
		81ACC9D926E0676200415D32 /* Cell */ = {
			isa = PBXGroup;
			children = (
				81ACC9DA26E0677800415D32 /* TableViewCell.swift */,
				81ACC9DB26E0677800415D32 /* TableViewCell.xib */,
			);
			path = Cell;
			sourceTree = "<group>";
		};
		FD9B60A69C39FD37477A8AF0 /* Frameworks */ = {
			isa = PBXGroup;
			children = (
				39987A3EBC0C0DE2825A1746 /* Pods_MigrationRealmSwift.framework */,
			);
			name = Frameworks;
			sourceTree = "<group>";
		};
/* End PBXGroup section */

/* Begin PBXNativeTarget section */
		81ACC9C126E0647300415D32 /* MigrationRealmSwift */ = {
			isa = PBXNativeTarget;
			buildConfigurationList = 81ACC9D626E0647600415D32 /* Build configuration list for PBXNativeTarget "MigrationRealmSwift" */;
			buildPhases = (
				E6A11BD80648B2F0F9B55DAC /* [CP] Check Pods Manifest.lock */,
				81ACC9BE26E0647300415D32 /* Sources */,
				81ACC9BF26E0647300415D32 /* Frameworks */,
				81ACC9C026E0647300415D32 /* Resources */,
				842D8CA1A13248A94B651244 /* [CP] Embed Pods Frameworks */,
			);
			buildRules = (
			);
			dependencies = (
			);
			name = MigrationRealmSwift;
			productName = MigrationRealmSwift;
			productReference = 81ACC9C226E0647300415D32 /* MigrationRealmSwift.app */;
			productType = "com.apple.product-type.application";
		};
/* End PBXNativeTarget section */

/* Begin PBXProject section */
		81ACC9BA26E0647300415D32 /* Project object */ = {
			isa = PBXProject;
			attributes = {
				LastSwiftUpdateCheck = 1250;
				LastUpgradeCheck = 1250;
				TargetAttributes = {
					81ACC9C126E0647300415D32 = {
						CreatedOnToolsVersion = 12.5.1;
					};
				};
			};
			buildConfigurationList = 81ACC9BD26E0647300415D32 /* Build configuration list for PBXProject "MigrationRealmSwift" */;
			compatibilityVersion = "Xcode 9.3";
			developmentRegion = en;
			hasScannedForEncodings = 0;
			knownRegions = (
				en,
				Base,
			);
			mainGroup = 81ACC9B926E0647300415D32;
			productRefGroup = 81ACC9C326E0647300415D32 /* Products */;
			projectDirPath = "";
			projectRoot = "";
			targets = (
				81ACC9C126E0647300415D32 /* MigrationRealmSwift */,
			);
		};
/* End PBXProject section */

/* Begin PBXResourcesBuildPhase section */
		81ACC9C026E0647300415D32 /* Resources */ = {
			isa = PBXResourcesBuildPhase;
			buildActionMask = 2147483647;
			files = (
				81ACC9D226E0647600415D32 /* LaunchScreen.storyboard in Resources */,
				81ACC9DD26E0677800415D32 /* TableViewCell.xib in Resources */,
				81ACC9CF26E0647600415D32 /* Assets.xcassets in Resources */,
				81ACC9CD26E0647300415D32 /* Main.storyboard in Resources */,
			);
			runOnlyForDeploymentPostprocessing = 0;
		};
/* End PBXResourcesBuildPhase section */

/* Begin PBXShellScriptBuildPhase section */
		842D8CA1A13248A94B651244 /* [CP] Embed Pods Frameworks */ = {
			isa = PBXShellScriptBuildPhase;
			buildActionMask = 2147483647;
			files = (
			);
			inputFileListPaths = (
				"${PODS_ROOT}/Target Support Files/Pods-MigrationRealmSwift/Pods-MigrationRealmSwift-frameworks-${CONFIGURATION}-input-files.xcfilelist",
			);
			name = "[CP] Embed Pods Frameworks";
			outputFileListPaths = (
				"${PODS_ROOT}/Target Support Files/Pods-MigrationRealmSwift/Pods-MigrationRealmSwift-frameworks-${CONFIGURATION}-output-files.xcfilelist",
			);
			runOnlyForDeploymentPostprocessing = 0;
			shellPath = /bin/sh;
			shellScript = "\"${PODS_ROOT}/Target Support Files/Pods-MigrationRealmSwift/Pods-MigrationRealmSwift-frameworks.sh\"\n";
			showEnvVarsInLog = 0;
		};
		E6A11BD80648B2F0F9B55DAC /* [CP] Check Pods Manifest.lock */ = {
			isa = PBXShellScriptBuildPhase;
			buildActionMask = 2147483647;
			files = (
			);
			inputFileListPaths = (
			);
			inputPaths = (
				"${PODS_PODFILE_DIR_PATH}/Podfile.lock",
				"${PODS_ROOT}/Manifest.lock",
			);
			name = "[CP] Check Pods Manifest.lock";
			outputFileListPaths = (
			);
			outputPaths = (
				"$(DERIVED_FILE_DIR)/Pods-MigrationRealmSwift-checkManifestLockResult.txt",
			);
			runOnlyForDeploymentPostprocessing = 0;
			shellPath = /bin/sh;
			shellScript = "diff \"${PODS_PODFILE_DIR_PATH}/Podfile.lock\" \"${PODS_ROOT}/Manifest.lock\" > /dev/null\nif [ $? != 0 ] ; then\n    # print error to STDERR\n    echo \"error: The sandbox is not in sync with the Podfile.lock. Run 'pod install' or update your CocoaPods installation.\" >&2\n    exit 1\nfi\n# This output is used by Xcode 'outputs' to avoid re-running this script phase.\necho \"SUCCESS\" > \"${SCRIPT_OUTPUT_FILE_0}\"\n";
			showEnvVarsInLog = 0;
		};
/* End PBXShellScriptBuildPhase section */

/* Begin PBXSourcesBuildPhase section */
		81ACC9BE26E0647300415D32 /* Sources */ = {
			isa = PBXSourcesBuildPhase;
			buildActionMask = 2147483647;
			files = (
				81ACC9DF26E06A5700415D32 /* DetailVC.swift in Sources */,
				81ACC9CA26E0647300415D32 /* ViewController.swift in Sources */,
				81ACC9DC26E0677800415D32 /* TableViewCell.swift in Sources */,
				81ACC9E126E06BF000415D32 /* Model.swift in Sources */,
				81ACC9C626E0647300415D32 /* AppDelegate.swift in Sources */,
				81ACC9C826E0647300415D32 /* SceneDelegate.swift in Sources */,
			);
			runOnlyForDeploymentPostprocessing = 0;
		};
/* End PBXSourcesBuildPhase section */

/* Begin PBXVariantGroup section */
		81ACC9CB26E0647300415D32 /* Main.storyboard */ = {
			isa = PBXVariantGroup;
			children = (
				81ACC9CC26E0647300415D32 /* Base */,
			);
			name = Main.storyboard;
			sourceTree = "<group>";
		};
		81ACC9D026E0647600415D32 /* LaunchScreen.storyboard */ = {
			isa = PBXVariantGroup;
			children = (
				81ACC9D126E0647600415D32 /* Base */,
			);
			name = LaunchScreen.storyboard;
			sourceTree = "<group>";
		};
/* End PBXVariantGroup section */

/* Begin XCBuildConfiguration section */
		81ACC9D426E0647600415D32 /* Debug */ = {
			isa = XCBuildConfiguration;
			buildSettings = {
				ALWAYS_SEARCH_USER_PATHS = NO;
				CLANG_ANALYZER_NONNULL = YES;
				CLANG_ANALYZER_NUMBER_OBJECT_CONVERSION = YES_AGGRESSIVE;
				CLANG_CXX_LANGUAGE_STANDARD = "gnu++14";
				CLANG_CXX_LIBRARY = "libc++";
				CLANG_ENABLE_MODULES = YES;
				CLANG_ENABLE_OBJC_ARC = YES;
				CLANG_ENABLE_OBJC_WEAK = YES;
				CLANG_WARN_BLOCK_CAPTURE_AUTORELEASING = YES;
				CLANG_WARN_BOOL_CONVERSION = YES;
				CLANG_WARN_COMMA = YES;
				CLANG_WARN_CONSTANT_CONVERSION = YES;
				CLANG_WARN_DEPRECATED_OBJC_IMPLEMENTATIONS = YES;
				CLANG_WARN_DIRECT_OBJC_ISA_USAGE = YES_ERROR;
				CLANG_WARN_DOCUMENTATION_COMMENTS = YES;
				CLANG_WARN_EMPTY_BODY = YES;
				CLANG_WARN_ENUM_CONVERSION = YES;
				CLANG_WARN_INFINITE_RECURSION = YES;
				CLANG_WARN_INT_CONVERSION = YES;
				CLANG_WARN_NON_LITERAL_NULL_CONVERSION = YES;
				CLANG_WARN_OBJC_IMPLICIT_RETAIN_SELF = YES;
				CLANG_WARN_OBJC_LITERAL_CONVERSION = YES;
				CLANG_WARN_OBJC_ROOT_CLASS = YES_ERROR;
				CLANG_WARN_QUOTED_INCLUDE_IN_FRAMEWORK_HEADER = YES;
				CLANG_WARN_RANGE_LOOP_ANALYSIS = YES;
				CLANG_WARN_STRICT_PROTOTYPES = YES;
				CLANG_WARN_SUSPICIOUS_MOVE = YES;
				CLANG_WARN_UNGUARDED_AVAILABILITY = YES_AGGRESSIVE;
				CLANG_WARN_UNREACHABLE_CODE = YES;
				CLANG_WARN__DUPLICATE_METHOD_MATCH = YES;
				COPY_PHASE_STRIP = NO;
				DEBUG_INFORMATION_FORMAT = dwarf;
				ENABLE_STRICT_OBJC_MSGSEND = YES;
				ENABLE_TESTABILITY = YES;
				GCC_C_LANGUAGE_STANDARD = gnu11;
				GCC_DYNAMIC_NO_PIC = NO;
				GCC_NO_COMMON_BLOCKS = YES;
				GCC_OPTIMIZATION_LEVEL = 0;
				GCC_PREPROCESSOR_DEFINITIONS = (
					"DEBUG=1",
					"$(inherited)",
				);
				GCC_WARN_64_TO_32_BIT_CONVERSION = YES;
				GCC_WARN_ABOUT_RETURN_TYPE = YES_ERROR;
				GCC_WARN_UNDECLARED_SELECTOR = YES;
				GCC_WARN_UNINITIALIZED_AUTOS = YES_AGGRESSIVE;
				GCC_WARN_UNUSED_FUNCTION = YES;
				GCC_WARN_UNUSED_VARIABLE = YES;
				IPHONEOS_DEPLOYMENT_TARGET = 14.5;
				MTL_ENABLE_DEBUG_INFO = INCLUDE_SOURCE;
				MTL_FAST_MATH = YES;
				ONLY_ACTIVE_ARCH = YES;
				SDKROOT = iphoneos;
				SWIFT_ACTIVE_COMPILATION_CONDITIONS = DEBUG;
				SWIFT_OPTIMIZATION_LEVEL = "-Onone";
			};
			name = Debug;
		};
		81ACC9D526E0647600415D32 /* Release */ = {
			isa = XCBuildConfiguration;
			buildSettings = {
				ALWAYS_SEARCH_USER_PATHS = NO;
				CLANG_ANALYZER_NONNULL = YES;
				CLANG_ANALYZER_NUMBER_OBJECT_CONVERSION = YES_AGGRESSIVE;
				CLANG_CXX_LANGUAGE_STANDARD = "gnu++14";
				CLANG_CXX_LIBRARY = "libc++";
				CLANG_ENABLE_MODULES = YES;
				CLANG_ENABLE_OBJC_ARC = YES;
				CLANG_ENABLE_OBJC_WEAK = YES;
				CLANG_WARN_BLOCK_CAPTURE_AUTORELEASING = YES;
				CLANG_WARN_BOOL_CONVERSION = YES;
				CLANG_WARN_COMMA = YES;
				CLANG_WARN_CONSTANT_CONVERSION = YES;
				CLANG_WARN_DEPRECATED_OBJC_IMPLEMENTATIONS = YES;
				CLANG_WARN_DIRECT_OBJC_ISA_USAGE = YES_ERROR;
				CLANG_WARN_DOCUMENTATION_COMMENTS = YES;
				CLANG_WARN_EMPTY_BODY = YES;
				CLANG_WARN_ENUM_CONVERSION = YES;
				CLANG_WARN_INFINITE_RECURSION = YES;
				CLANG_WARN_INT_CONVERSION = YES;
				CLANG_WARN_NON_LITERAL_NULL_CONVERSION = YES;
				CLANG_WARN_OBJC_IMPLICIT_RETAIN_SELF = YES;
				CLANG_WARN_OBJC_LITERAL_CONVERSION = YES;
				CLANG_WARN_OBJC_ROOT_CLASS = YES_ERROR;
				CLANG_WARN_QUOTED_INCLUDE_IN_FRAMEWORK_HEADER = YES;
				CLANG_WARN_RANGE_LOOP_ANALYSIS = YES;
				CLANG_WARN_STRICT_PROTOTYPES = YES;
				CLANG_WARN_SUSPICIOUS_MOVE = YES;
				CLANG_WARN_UNGUARDED_AVAILABILITY = YES_AGGRESSIVE;
				CLANG_WARN_UNREACHABLE_CODE = YES;
				CLANG_WARN__DUPLICATE_METHOD_MATCH = YES;
				COPY_PHASE_STRIP = NO;
				DEBUG_INFORMATION_FORMAT = "dwarf-with-dsym";
				ENABLE_NS_ASSERTIONS = NO;
				ENABLE_STRICT_OBJC_MSGSEND = YES;
				GCC_C_LANGUAGE_STANDARD = gnu11;
				GCC_NO_COMMON_BLOCKS = YES;
				GCC_WARN_64_TO_32_BIT_CONVERSION = YES;
				GCC_WARN_ABOUT_RETURN_TYPE = YES_ERROR;
				GCC_WARN_UNDECLARED_SELECTOR = YES;
				GCC_WARN_UNINITIALIZED_AUTOS = YES_AGGRESSIVE;
				GCC_WARN_UNUSED_FUNCTION = YES;
				GCC_WARN_UNUSED_VARIABLE = YES;
				IPHONEOS_DEPLOYMENT_TARGET = 14.5;
				MTL_ENABLE_DEBUG_INFO = NO;
				MTL_FAST_MATH = YES;
				SDKROOT = iphoneos;
				SWIFT_COMPILATION_MODE = wholemodule;
				SWIFT_OPTIMIZATION_LEVEL = "-O";
				VALIDATE_PRODUCT = YES;
			};
			name = Release;
		};
		81ACC9D726E0647600415D32 /* Debug */ = {
			isa = XCBuildConfiguration;
			baseConfigurationReference = CE26940A303271699880D308 /* Pods-MigrationRealmSwift.debug.xcconfig */;
			buildSettings = {
				ASSETCATALOG_COMPILER_APPICON_NAME = AppIcon;
				ASSETCATALOG_COMPILER_GLOBAL_ACCENT_COLOR_NAME = AccentColor;
				CODE_SIGN_STYLE = Automatic;
				DEVELOPMENT_TEAM = S36XF6BCMY;
				INFOPLIST_FILE = MigrationRealmSwift/Info.plist;
				LD_RUNPATH_SEARCH_PATHS = (
					"$(inherited)",
					"@executable_path/Frameworks",
				);
				PRODUCT_BUNDLE_IDENTIFIER = Tes.MigrationRealmSwift;
				PRODUCT_NAME = "$(TARGET_NAME)";
				SWIFT_VERSION = 5.0;
				TARGETED_DEVICE_FAMILY = "1,2";
			};
			name = Debug;
		};
		81ACC9D826E0647600415D32 /* Release */ = {
			isa = XCBuildConfiguration;
			baseConfigurationReference = 32A84475D728EF637F123714 /* Pods-MigrationRealmSwift.release.xcconfig */;
			buildSettings = {
				ASSETCATALOG_COMPILER_APPICON_NAME = AppIcon;
				ASSETCATALOG_COMPILER_GLOBAL_ACCENT_COLOR_NAME = AccentColor;
				CODE_SIGN_STYLE = Automatic;
				DEVELOPMENT_TEAM = S36XF6BCMY;
				INFOPLIST_FILE = MigrationRealmSwift/Info.plist;
				LD_RUNPATH_SEARCH_PATHS = (
					"$(inherited)",
					"@executable_path/Frameworks",
				);
				PRODUCT_BUNDLE_IDENTIFIER = Tes.MigrationRealmSwift;
				PRODUCT_NAME = "$(TARGET_NAME)";
				SWIFT_VERSION = 5.0;
				TARGETED_DEVICE_FAMILY = "1,2";
			};
			name = Release;
		};
/* End XCBuildConfiguration section */

/* Begin XCConfigurationList section */
		81ACC9BD26E0647300415D32 /* Build configuration list for PBXProject "MigrationRealmSwift" */ = {
			isa = XCConfigurationList;
			buildConfigurations = (
				81ACC9D426E0647600415D32 /* Debug */,
				81ACC9D526E0647600415D32 /* Release */,
			);
			defaultConfigurationIsVisible = 0;
			defaultConfigurationName = Release;
		};
		81ACC9D626E0647600415D32 /* Build configuration list for PBXNativeTarget "MigrationRealmSwift" */ = {
			isa = XCConfigurationList;
			buildConfigurations = (
				81ACC9D726E0647600415D32 /* Debug */,
				81ACC9D826E0647600415D32 /* Release */,
			);
			defaultConfigurationIsVisible = 0;
			defaultConfigurationName = Release;
		};
/* End XCConfigurationList section */
	};
	rootObject = 81ACC9BA26E0647300415D32 /* Project object */;
}
